github.com/google/go-cmp v0.5.9 h1:O2Tfq5qg4qc4AmwVlvv0oLiVAGB7enBSJ2x2DqQFi38=
github.com/google/go-cmp v0.5.9/go.mod h1:17dUlkBOakJ0+DkrSSNjCkIjxS6bF9zb3elmeNGIjoY=
github.com/paul-at-nangalan/errorhandler v0.0.0-20220524092750-75ec0f2eca41 h1:V7IwB6JpPaDqD1itevPX0bPLzcyJE4oH5zhHlYG8p4c=
github.com/paul-at-nangalan/errorhandler v0.0.0-20220524092750-75ec0f2eca41/go.mod h1:+GfM6Su5CerpcLIHxjym4LzoLFCKSSQtlCnKYVjqqUM=
github.com/paul-at-nangalan/stats v0.0.0-20240118092119-ce23f92c79d2 h1:BCqaVOb6fJF2kOThuCf3epGjp5BHHX7aeDpTnI/Dc9k=
github.com/paul-at-nangalan/stats v0.0.0-20240118092119-ce23f92c79d2/go.mod h1:ZL8jxadmnC8Sbebu2dUaju9wQc+oINsA8DFx7eahGUk=
golang.org/x/exp v0.0.0-20230321023759-10a507213a29 h1:ooxPy7fPvB4kwsA2h+iBNHkAbp/4JxTSwCmvdjEYmug=
golang.org/x/exp v0.0.0-20230321023759-10a507213a29/go.mod h1:CxIveKay+FTh1D0yPZemJVgC/95VzuuOLq5Qi4xnoYc=
gonum.org/v1/gonum v0.14.0 h1:2NiG67LD1tEH0D7kM+ps2V+fXmsAnpUeec7n8tcr4S0=
gonum.org/v1/gonum v0.14.0/go.mod h1:AoWeoz0becf9QMWtE8iWXNXc27fK4fNeHNf/oMejGfU=
gotest.tools/v3 v3.5.1 h1:EENdUnS3pdur5nybKYIh2Vfgc8IUNBjxDPSjtiJcOzU=
gotest.tools/v3 v3.5.1/go.mod h1:isy3WKz7GK6uNw/sbHzfKBLvlvXwUyV06n6brMxxopU=
